
Microsoft Visual Studio Solution File, Format Version 12.00
# Visual Studio Version 17
VisualStudioVersion = 17.9.34616.47
MinimumVisualStudioVersion = 10.0.40219.1
Project("{FAE04EC0-301F-11D3-BF4B-00C04F79EFBC}") = "BanqueTardiApp", "BanqueTardiApp.csproj", "{75CD52AE-A1F7-455C-8D84-F1B29A933E2C}"
EndProject
Global
	GlobalSection(SolutionConfigurationPlatforms) = preSolution
		Debug|Any CPU = Debug|Any CPU
		Release|Any CPU = Release|Any CPU
	EndGlobalSection
	GlobalSection(ProjectConfigurationPlatforms) = postSolution
		{75CD52AE-A1F7-455C-8D84-F1B29A933E2C}.Debug|Any CPU.ActiveCfg = Debug|Any CPU
		{75CD52AE-A1F7-455C-8D84-F1B29A933E2C}.Debug|Any CPU.Build.0 = Debug|Any CPU
		{75CD52AE-A1F7-455C-8D84-F1B29A933E2C}.Release|Any CPU.ActiveCfg = Release|Any CPU
		{75CD52AE-A1F7-455C-8D84-F1B29A933E2C}.Release|Any CPU.Build.0 = Release|Any CPU
	EndGlobalSection
	GlobalSection(SolutionProperties) = preSolution
		HideSolutionNode = FALSE
	EndGlobalSection
	GlobalSection(ExtensibilityGlobals) = postSolution
		SolutionGuid = {20FC7CAF-6BB0-4482-B6E9-A33DC08EAFE6}
	EndGlobalSection
EndGlobal
